<?xml version="1.0" encoding="utf-8"?>
<Project ToolsVersion="4.0" xmlns="http://schemas.microsoft.com/developer/msbuild/2003">
  <ItemGroup>
    <Filter Include="Source Files">
      <UniqueIdentifier>{4FC737F1-C7A5-4376-A066-2A32D752A2FF}</UniqueIdentifier>
      <Extensions>cpp;c;cc;cxx;def;odl;idl;hpj;bat;asm;asmx</Extensions>
    </Filter>
    <Filter Include="Header Files">
      <UniqueIdentifier>{93995380-89BD-4b04-88EB-625FBE52EBFB}</UniqueIdentifier>
      <Extensions>h;hh;hpp;hxx;hm;inl;inc;xsd</Extensions>
    </Filter>
    <Filter Include="Resource Files">
      <UniqueIdentifier>{67DA6AB6-F800-4c08-8B7A-83BB121AAD01}</UniqueIdentifier>
      <Extensions>rc;ico;cur;bmp;dlg;rc2;rct;bin;rgs;gif;jpg;jpeg;jpe;resx;tiff;tif;png;wav;mfcribbon-ms</Extensions>
    </Filter>
  </ItemGroup>
  <ItemGroup>
    <ClInclude Include="src\bit.h">
      <Filter>Header Files</Filter>
    </ClInclude>
    <ClInclude Include="src\buffer.h">
      <Filter>Header Files</Filter>
    </ClInclude>
    <ClInclude Include="src\define.h">
      <Filter>Header Files</Filter>
    </ClInclude>
    <ClInclude Include="src\enum_err.h">
      <Filter>Header Files</Filter>
    </ClInclude>
    <ClInclude Include="src\ringbuf.h">
      <Filter>Header Files</Filter>
    </ClInclude>
    <ClInclude Include="src\timer.h">
      <Filter>Header Files</Filter>
    </ClInclude>
    <ClInclude Include="src\util_alloc.h">
      <Filter>Header Files</Filter>
    </ClInclude>
    <ClInclude Include="src\util_atomic.h">
      <Filter>Header Files</Filter>
    </ClInclude>
    <ClInclude Include="src\util_clock.h">
      <Filter>Header Files</Filter>
    </ClInclude>
    <ClInclude Include="src\util_semaphore.h">
      <Filter>Header Files</Filter>
    </ClInclude>
    <ClInclude Include="src\util_thread.h">
      <Filter>Header Files</Filter>
    </ClInclude>
    <ClInclude Include="src\win32_posix_define.h">
      <Filter>Header Files</Filter>
    </ClInclude>
    <ClInclude Include="src\define_netcode.h">
      <Filter>Header Files</Filter>
    </ClInclude>
    <ClInclude Include="src\crc.h">
      <Filter>Header Files</Filter>
    </ClInclude>
    <ClInclude Include="src\aligned.h">
      <Filter>Header Files</Filter>
    </ClInclude>
    <ClInclude Include="src\tlg_packet.h">
      <Filter>Header Files</Filter>
    </ClInclude>
    <ClInclude Include="src\udp_thread.h">
      <Filter>Header Files</Filter>
    </ClInclude>
    <ClInclude Include="src\enum_zop.h">
      <Filter>Header Files</Filter>
    </ClInclude>
    <ClInclude Include="src\ack_mgr.h">
      <Filter>Header Files</Filter>
    </ClInclude>
    <ClInclude Include="src\udp_client.h">
      <Filter>Header Files</Filter>
    </ClInclude>
    <ClInclude Include="src\log_thread.h">
      <Filter>Header Files</Filter>
    </ClInclude>
    <ClInclude Include="src\main_thread.h">
      <Filter>Header Files</Filter>
    </ClInclude>
    <ClInclude Include="src\login_thread.h">
      <Filter>Header Files</Filter>
    </ClInclude>
    <ClInclude Include="src\udp_zpacket.h">
      <Filter>Header Files</Filter>
    </ClInclude>
    <ClInclude Include="src\util_ipv4.h">
      <Filter>Header Files</Filter>
    </ClInclude>
    <ClInclude Include="src\login_client.h">
      <Filter>Header Files</Filter>
    </ClInclude>
    <ClInclude Include="src\zpacket.h">
      <Filter>Header Files</Filter>
    </ClInclude>
    <ClInclude Include="src\db_thread.h">
      <Filter>Header Files</Filter>
    </ClInclude>
    <ClInclude Include="src\db_zpacket.h">
      <Filter>Header Files</Filter>
    </ClInclude>
    <ClInclude Include="src\login_crypto.h">
      <Filter>Header Files</Filter>
    </ClInclude>
    <ClInclude Include="src\char_select_client.h">
      <Filter>Header Files</Filter>
    </ClInclude>
    <ClInclude Include="src\char_select_data.h">
      <Filter>Header Files</Filter>
    </ClInclude>
    <ClInclude Include="src\char_select_packet_struct.h">
      <Filter>Header Files</Filter>
    </ClInclude>
    <ClInclude Include="src\char_select_thread.h">
      <Filter>Header Files</Filter>
    </ClInclude>
    <ClInclude Include="src\char_select_zpacket.h">
      <Filter>Header Files</Filter>
    </ClInclude>
    <ClInclude Include="src\db_read.h">
      <Filter>Header Files</Filter>
    </ClInclude>
    <ClInclude Include="src\db_write.h">
      <Filter>Header Files</Filter>
    </ClInclude>
    <ClInclude Include="src\enum_account_status.h">
      <Filter>Header Files</Filter>
    </ClInclude>
    <ClInclude Include="src\enum_char_select_opcode.h">
      <Filter>Header Files</Filter>
    </ClInclude>
    <ClInclude Include="src\enum_login_opcode.h">
      <Filter>Header Files</Filter>
    </ClInclude>
    <ClInclude Include="src\enum_login_server_rank.h">
      <Filter>Header Files</Filter>
    </ClInclude>
    <ClInclude Include="src\enum_login_server_status.h">
      <Filter>Header Files</Filter>
    </ClInclude>
    <ClInclude Include="src\enum2str.h">
      <Filter>Header Files</Filter>
    </ClInclude>
    <ClInclude Include="src\login_packet_struct.h">
      <Filter>Header Files</Filter>
    </ClInclude>
    <ClInclude Include="src\login_zpacket.h">
      <Filter>Header Files</Filter>
    </ClInclude>
    <ClInclude Include="src\player_profile_packet_struct.h">
      <Filter>Header Files</Filter>
    </ClInclude>
    <ClInclude Include="src\util_file.h">
      <Filter>Header Files</Filter>
    </ClInclude>
    <ClInclude Include="src\util_random.h">
      <Filter>Header Files</Filter>
    </ClInclude>
    <ClInclude Include="src\util_socket_lib.h">
      <Filter>Header Files</Filter>
    </ClInclude>
    <ClInclude Include="src\util_str.h">
      <Filter>Header Files</Filter>
    </ClInclude>
    <ClInclude Include="src\zone_id.h">
      <Filter>Header Files</Filter>
    </ClInclude>
    <ClInclude Include="src\client_mgr.h">
      <Filter>Header Files</Filter>
    </ClInclude>
    <ClInclude Include="src\main_timers.h">
      <Filter>Header Files</Filter>
    </ClInclude>
    <ClInclude Include="src\util_hash_tbl.h">
      <Filter>Header Files</Filter>
    </ClInclude>
    <ClInclude Include="src\hash.h">
      <Filter>Header Files</Filter>
    </ClInclude>
    <ClInclude Include="src\zone_mgr.h">
      <Filter>Header Files</Filter>
    </ClInclude>
    <ClInclude Include="src\class_id.h">
      <Filter>Header Files</Filter>
    </ClInclude>
    <ClInclude Include="src\race_id.h">
      <Filter>Header Files</Filter>
    </ClInclude>
    <ClInclude Include="src\deity_id.h">
      <Filter>Header Files</Filter>
    </ClInclude>
    <ClInclude Include="src\gender_id.h">
      <Filter>Header Files</Filter>
    </ClInclude>
    <ClInclude Include="src\main_zpacket.h">
      <Filter>Header Files</Filter>
    </ClInclude>
    <ClInclude Include="src\client.h">
      <Filter>Header Files</Filter>
    </ClInclude>
    <ClInclude Include="src\client_load_data.h">
      <Filter>Header Files</Filter>
    </ClInclude>
    <ClInclude Include="src\loc.h">
      <Filter>Header Files</Filter>
    </ClInclude>
    <ClInclude Include="src\guild.h">
      <Filter>Header Files</Filter>
    </ClInclude>
    <ClInclude Include="src\misc_struct.h">
      <Filter>Header Files</Filter>
    </ClInclude>
    <ClInclude Include="src\mob.h">
      <Filter>Header Files</Filter>
    </ClInclude>
    <ClInclude Include="src\client_packet_recv.h">
      <Filter>Header Files</Filter>
    </ClInclude>
    <ClInclude Include="src\client_packet_send.h">
      <Filter>Header Files</Filter>
    </ClInclude>
    <ClInclude Include="src\enum_opcode.h">
      <Filter>Header Files</Filter>
    </ClInclude>
    <ClInclude Include="src\inventory.h">
      <Filter>Header Files</Filter>
    </ClInclude>
    <ClInclude Include="src\item.h">
      <Filter>Header Files</Filter>
    </ClInclude>
    <ClInclude Include="src\misc_enum.h">
      <Filter>Header Files</Filter>
    </ClInclude>
    <ClInclude Include="src\packet_create.h">
      <Filter>Header Files</Filter>
    </ClInclude>
    <ClInclude Include="src\packet_static.h">
      <Filter>Header Files</Filter>
    </ClInclude>
    <ClInclude Include="src\packet_struct.h">
      <Filter>Header Files</Filter>
    </ClInclude>
    <ClInclude Include="src\skills.h">
      <Filter>Header Files</Filter>
    </ClInclude>
    <ClInclude Include="src\spellbook.h">
      <Filter>Header Files</Filter>
    </ClInclude>
    <ClInclude Include="src\zone.h">
      <Filter>Header Files</Filter>
    </ClInclude>
    <ClInclude Include="src\zone_thread.h">
      <Filter>Header Files</Filter>
    </ClInclude>
    <ClInclude Include="src\zone_zpacket.h">
      <Filter>Header Files</Filter>
    </ClInclude>
    <ClInclude Include="src\item_proto.h">
      <Filter>Header Files</Filter>
    </ClInclude>
    <ClInclude Include="src\item_stat_id.h">
      <Filter>Header Files</Filter>
    </ClInclude>
    <ClInclude Include="src\main_load.h">
      <Filter>Header Files</Filter>
    </ClInclude>
    <ClInclude Include="src\util_lua.h">
      <Filter>Header Files</Filter>
    </ClInclude>
    <ClInclude Include="src\util_fs.h">
      <Filter>Header Files</Filter>
    </ClInclude>
    <ClInclude Include="src\item_client_type_id.h">
      <Filter>Header Files</Filter>
    </ClInclude>
    <ClInclude Include="src\item_type_id.h">
      <Filter>Header Files</Filter>
    </ClInclude>
    <ClInclude Include="src\packet_convert.h">
      <Filter>Header Files</Filter>
    </ClInclude>
    <ClInclude Include="src\util_cap.h">
      <Filter>Header Files</Filter>
    </ClInclude>
    <ClInclude Include="src\chat_channel.h">
      <Filter>Header Files</Filter>
    </ClInclude>
    <ClInclude Include="src\chat_color.h">
      <Filter>Header Files</Filter>
    </ClInclude>
    <ClInclude Include="src\client_save.h">
      <Filter>Header Files</Filter>
    </ClInclude>
  </ItemGroup>
  <ItemGroup>
    <ClCompile Include="src\bit.c">
      <Filter>Source Files</Filter>
    </ClCompile>
    <ClCompile Include="src\buffer.c">
      <Filter>Source Files</Filter>
    </ClCompile>
    <ClCompile Include="src\main.c">
      <Filter>Source Files</Filter>
    </ClCompile>
    <ClCompile Include="src\ringbuf.c">
      <Filter>Source Files</Filter>
    </ClCompile>
    <ClCompile Include="src\timer.c">
      <Filter>Source Files</Filter>
    </ClCompile>
    <ClCompile Include="src\util_atomic_win32.cpp">
      <Filter>Source Files</Filter>
    </ClCompile>
    <ClCompile Include="src\util_clock_win32.c">
      <Filter>Source Files</Filter>
    </ClCompile>
    <ClCompile Include="src\util_semaphore_win32.c">
      <Filter>Source Files</Filter>
    </ClCompile>
    <ClCompile Include="src\util_thread_win32.c">
      <Filter>Source Files</Filter>
    </ClCompile>
    <ClCompile Include="src\crc.c">
      <Filter>Source Files</Filter>
    </ClCompile>
    <ClCompile Include="src\aligned.c">
      <Filter>Source Files</Filter>
    </ClCompile>
    <ClCompile Include="src\tlg_packet.c">
      <Filter>Source Files</Filter>
    </ClCompile>
    <ClCompile Include="src\udp_thread.c">
      <Filter>Source Files</Filter>
    </ClCompile>
    <ClCompile Include="src\ack_mgr.c">
      <Filter>Source Files</Filter>
    </ClCompile>
    <ClCompile Include="src\udp_client.c">
      <Filter>Source Files</Filter>
    </ClCompile>
    <ClCompile Include="src\log_thread.c">
      <Filter>Source Files</Filter>
    </ClCompile>
    <ClCompile Include="src\main_thread.c">
      <Filter>Source Files</Filter>
    </ClCompile>
    <ClCompile Include="src\login_thread.c">
      <Filter>Source Files</Filter>
    </ClCompile>
    <ClCompile Include="src\util_ipv4.c">
      <Filter>Source Files</Filter>
    </ClCompile>
    <ClCompile Include="src\login_client.c">
      <Filter>Source Files</Filter>
    </ClCompile>
    <ClCompile Include="src\db_thread.c">
      <Filter>Source Files</Filter>
    </ClCompile>
    <ClCompile Include="src\login_crypto.c">
      <Filter>Source Files</Filter>
    </ClCompile>
    <ClCompile Include="src\char_select_client.c">
      <Filter>Source Files</Filter>
    </ClCompile>
    <ClCompile Include="src\char_select_thread.c">
      <Filter>Source Files</Filter>
    </ClCompile>
    <ClCompile Include="src\db_read.c">
      <Filter>Source Files</Filter>
    </ClCompile>
    <ClCompile Include="src\db_write.c">
      <Filter>Source Files</Filter>
    </ClCompile>
    <ClCompile Include="src\enum2str.c">
      <Filter>Source Files</Filter>
    </ClCompile>
    <ClCompile Include="src\util_random.c">
      <Filter>Source Files</Filter>
    </ClCompile>
    <ClCompile Include="src\util_socket_lib.c">
      <Filter>Source Files</Filter>
    </ClCompile>
    <ClCompile Include="src\util_str.c">
      <Filter>Source Files</Filter>
    </ClCompile>
    <ClCompile Include="src\zone_id.c">
      <Filter>Source Files</Filter>
    </ClCompile>
    <ClCompile Include="src\client_mgr.c">
      <Filter>Source Files</Filter>
    </ClCompile>
    <ClCompile Include="src\main_timers.c">
      <Filter>Source Files</Filter>
    </ClCompile>
    <ClCompile Include="src\util_hash_tbl.c">
      <Filter>Source Files</Filter>
    </ClCompile>
    <ClCompile Include="src\hash.c">
      <Filter>Source Files</Filter>
    </ClCompile>
    <ClCompile Include="src\zone_mgr.c">
      <Filter>Source Files</Filter>
    </ClCompile>
    <ClCompile Include="src\class_id.c">
      <Filter>Source Files</Filter>
    </ClCompile>
    <ClCompile Include="src\race_id.c">
      <Filter>Source Files</Filter>
    </ClCompile>
    <ClCompile Include="src\deity_id.c">
      <Filter>Source Files</Filter>
    </ClCompile>
    <ClCompile Include="src\gender_id.c">
      <Filter>Source Files</Filter>
    </ClCompile>
    <ClCompile Include="src\client.c">
      <Filter>Source Files</Filter>
    </ClCompile>
    <ClCompile Include="src\mob.c">
      <Filter>Source Files</Filter>
    </ClCompile>
    <ClCompile Include="src\client_packet_recv.c">
      <Filter>Source Files</Filter>
    </ClCompile>
    <ClCompile Include="src\client_packet_send.c">
      <Filter>Source Files</Filter>
    </ClCompile>
    <ClCompile Include="src\inventory.c">
      <Filter>Source Files</Filter>
    </ClCompile>
    <ClCompile Include="src\packet_create.c">
      <Filter>Source Files</Filter>
    </ClCompile>
    <ClCompile Include="src\packet_static.c">
      <Filter>Source Files</Filter>
    </ClCompile>
    <ClCompile Include="src\skills.c">
      <Filter>Source Files</Filter>
    </ClCompile>
    <ClCompile Include="src\spellbook.c">
      <Filter>Source Files</Filter>
    </ClCompile>
    <ClCompile Include="src\util_clock_common.c">
      <Filter>Source Files</Filter>
    </ClCompile>
    <ClCompile Include="src\zone.c">
      <Filter>Source Files</Filter>
    </ClCompile>
    <ClCompile Include="src\zone_thread.c">
      <Filter>Source Files</Filter>
    </ClCompile>
    <ClCompile Include="src\item_proto.c">
      <Filter>Source Files</Filter>
    </ClCompile>
    <ClCompile Include="src\main_load.c">
      <Filter>Source Files</Filter>
    </ClCompile>
    <ClCompile Include="src\util_lua.c">
      <Filter>Source Files</Filter>
    </ClCompile>
    <ClCompile Include="src\util_fs_win32.c">
      <Filter>Source Files</Filter>
    </ClCompile>
    <ClCompile Include="src\util_cap.c">
      <Filter>Source Files</Filter>
    </ClCompile>
    <ClCompile Include="src\packet_convert.c">
      <Filter>Source Files</Filter>
    </ClCompile>
    <ClCompile Include="src\client_save.c">
      <Filter>Source Files</Filter>
    </ClCompile>
  </ItemGroup>
</Project>